
Microsoft Visual Studio Solution File, Format Version 12.00
# Visual Studio Version 17
VisualStudioVersion = 17.5.002.0
MinimumVisualStudioVersion = 10.0.40219.1
Project("{9A19103F-16F7-4668-BE54-9A1E7A4F7556}") = "DesafioPOO", "DesafioPOO.csproj", "{56A6E90F-FA84-41A5-9A92-BB196F726AEE}"
EndProject
Global
	GlobalSection(SolutionConfigurationPlatforms) = preSolution
		Debug|Any CPU = Debug|Any CPU
		Release|Any CPU = Release|Any CPU
	EndGlobalSection
	GlobalSection(ProjectConfigurationPlatforms) = postSolution
		{56A6E90F-FA84-41A5-9A92-BB196F726AEE}.Debug|Any CPU.ActiveCfg = Debug|Any CPU
		{56A6E90F-FA84-41A5-9A92-BB196F726AEE}.Debug|Any CPU.Build.0 = Debug|Any CPU
		{56A6E90F-FA84-41A5-9A92-BB196F726AEE}.Release|Any CPU.ActiveCfg = Release|Any CPU
		{56A6E90F-FA84-41A5-9A92-BB196F726AEE}.Release|Any CPU.Build.0 = Release|Any CPU
	EndGlobalSection
	GlobalSection(SolutionProperties) = preSolution
		HideSolutionNode = FALSE
	EndGlobalSection
	GlobalSection(ExtensibilityGlobals) = postSolution
		SolutionGuid = {1912069E-E262-4C48-8312-FADEA9C2FABF}
	EndGlobalSection
EndGlobal
